
Microsoft Visual Studio Solution File, Format Version 12.00
# Visual Studio Version 17
VisualStudioVersion = 17.5.002.0
MinimumVisualStudioVersion = 10.0.40219.1
<<<<<<< HEAD
Project("{9A19103F-16F7-4668-BE54-9A1E7A4F7556}") = "api-fechadura", "api-fechadura.csproj", "{45D5BA0D-13B5-4286-B34E-4969D2426750}"
=======
Project("{9A19103F-16F7-4668-BE54-9A1E7A4F7556}") = "api-fechadura", "api-fechadura.csproj", "{8149FCB3-5942-446D-93EE-02FD940AE26B}"
>>>>>>> 774e40c16b7dae93803c65db33c6957de21990b2
EndProject
Global
	GlobalSection(SolutionConfigurationPlatforms) = preSolution
		Debug|Any CPU = Debug|Any CPU
		Release|Any CPU = Release|Any CPU
	EndGlobalSection
	GlobalSection(ProjectConfigurationPlatforms) = postSolution
<<<<<<< HEAD
		{45D5BA0D-13B5-4286-B34E-4969D2426750}.Debug|Any CPU.ActiveCfg = Debug|Any CPU
		{45D5BA0D-13B5-4286-B34E-4969D2426750}.Debug|Any CPU.Build.0 = Debug|Any CPU
		{45D5BA0D-13B5-4286-B34E-4969D2426750}.Release|Any CPU.ActiveCfg = Release|Any CPU
		{45D5BA0D-13B5-4286-B34E-4969D2426750}.Release|Any CPU.Build.0 = Release|Any CPU
=======
		{8149FCB3-5942-446D-93EE-02FD940AE26B}.Debug|Any CPU.ActiveCfg = Debug|Any CPU
		{8149FCB3-5942-446D-93EE-02FD940AE26B}.Debug|Any CPU.Build.0 = Debug|Any CPU
		{8149FCB3-5942-446D-93EE-02FD940AE26B}.Release|Any CPU.ActiveCfg = Release|Any CPU
		{8149FCB3-5942-446D-93EE-02FD940AE26B}.Release|Any CPU.Build.0 = Release|Any CPU
>>>>>>> 774e40c16b7dae93803c65db33c6957de21990b2
	EndGlobalSection
	GlobalSection(SolutionProperties) = preSolution
		HideSolutionNode = FALSE
	EndGlobalSection
	GlobalSection(ExtensibilityGlobals) = postSolution
		SolutionGuid = {1EE123C8-81A9-4676-AF04-3E7262B057AA}
	EndGlobalSection
EndGlobal
